
Microsoft Visual Studio Solution File, Format Version 12.00
# Visual Studio Version 16
VisualStudioVersion = 16.0.28803.156
MinimumVisualStudioVersion = 10.0.40219.1
Project("{FAE04EC0-301F-11D3-BF4B-00C04F79EFBC}") = "Assignment4", "Assignment4\Assignment4.csproj", "{C2180B6C-BE6A-47C1-96A8-2E6CDAEAEDB2}"
EndProject
Global
	GlobalSection(SolutionConfigurationPlatforms) = preSolution
		Debug|Any CPU = Debug|Any CPU
		Release|Any CPU = Release|Any CPU
	EndGlobalSection
	GlobalSection(ProjectConfigurationPlatforms) = postSolution
		{C2180B6C-BE6A-47C1-96A8-2E6CDAEAEDB2}.Debug|Any CPU.ActiveCfg = Debug|Any CPU
		{C2180B6C-BE6A-47C1-96A8-2E6CDAEAEDB2}.Debug|Any CPU.Build.0 = Debug|Any CPU
		{C2180B6C-BE6A-47C1-96A8-2E6CDAEAEDB2}.Release|Any CPU.ActiveCfg = Release|Any CPU
		{C2180B6C-BE6A-47C1-96A8-2E6CDAEAEDB2}.Release|Any CPU.Build.0 = Release|Any CPU
	EndGlobalSection
	GlobalSection(SolutionProperties) = preSolution
		HideSolutionNode = FALSE
	EndGlobalSection
	GlobalSection(ExtensibilityGlobals) = postSolution
		SolutionGuid = {AB8BE5E4-194E-4551-AD63-80DFF8F6A5F1}
	EndGlobalSection
EndGlobal
